// !$*UTF8*$!
{
	archiveVersion = 1;
	classes = {
	};
	objectVersion = 55;
	objects = {

/* Begin PBXBuildFile section */
		144BCA702892533F26A06442 /* Pods_NewCMS_NewCMSUITests.framework in Frameworks */ = {isa = PBXBuildFile; fileRef = 2612F042E8762825497ADCBA /* Pods_NewCMS_NewCMSUITests.framework */; };
		3045435C6101F2A5F453D4FE /* Pods_NewCMSTests.framework in Frameworks */ = {isa = PBXBuildFile; fileRef = DA9FCECD400BDAF23110BFE8 /* Pods_NewCMSTests.framework */; };
		4731B5FD9251422AA8AB706E /* Pods_NewCMS.framework in Frameworks */ = {isa = PBXBuildFile; fileRef = 767F0DB570DDDA647ECC2818 /* Pods_NewCMS.framework */; };
		7F91FD552A41AED0006A4E52 /* AppDelegate.swift in Sources */ = {isa = PBXBuildFile; fileRef = 7F91FD542A41AED0006A4E52 /* AppDelegate.swift */; };
		7F91FD5A2A41AED0006A4E52 /* Main.storyboard in Resources */ = {isa = PBXBuildFile; fileRef = 7F91FD582A41AED0006A4E52 /* Main.storyboard */; };
		7F91FD5D2A41AED0006A4E52 /* NewCMS.xcdatamodeld in Sources */ = {isa = PBXBuildFile; fileRef = 7F91FD5B2A41AED0006A4E52 /* NewCMS.xcdatamodeld */; };
		7F91FD5F2A41AED2006A4E52 /* Assets.xcassets in Resources */ = {isa = PBXBuildFile; fileRef = 7F91FD5E2A41AED2006A4E52 /* Assets.xcassets */; };
		7F91FD622A41AED2006A4E52 /* LaunchScreen.storyboard in Resources */ = {isa = PBXBuildFile; fileRef = 7F91FD602A41AED2006A4E52 /* LaunchScreen.storyboard */; };
		7F91FD6D2A41AED2006A4E52 /* NewCMSTests.swift in Sources */ = {isa = PBXBuildFile; fileRef = 7F91FD6C2A41AED2006A4E52 /* NewCMSTests.swift */; };
		7F91FD772A41AED2006A4E52 /* NewCMSUITests.swift in Sources */ = {isa = PBXBuildFile; fileRef = 7F91FD762A41AED2006A4E52 /* NewCMSUITests.swift */; };
		7F91FD792A41AED2006A4E52 /* NewCMSUITestsLaunchTests.swift in Sources */ = {isa = PBXBuildFile; fileRef = 7F91FD782A41AED2006A4E52 /* NewCMSUITestsLaunchTests.swift */; };
		7F91FD902A41B3F4006A4E52 /* SplashVC.swift in Sources */ = {isa = PBXBuildFile; fileRef = 7F91FD8F2A41B3F4006A4E52 /* SplashVC.swift */; };
		7F91FD922A41B575006A4E52 /* FilmFliksSplash.mp4 in Resources */ = {isa = PBXBuildFile; fileRef = 7F91FD912A41B575006A4E52 /* FilmFliksSplash.mp4 */; };
/* End PBXBuildFile section */

/* Begin PBXContainerItemProxy section */
		7F91FD692A41AED2006A4E52 /* PBXContainerItemProxy */ = {
			isa = PBXContainerItemProxy;
			containerPortal = 7F91FD492A41AED0006A4E52 /* Project object */;
			proxyType = 1;
			remoteGlobalIDString = 7F91FD502A41AED0006A4E52;
			remoteInfo = NewCMS;
		};
		7F91FD732A41AED2006A4E52 /* PBXContainerItemProxy */ = {
			isa = PBXContainerItemProxy;
			containerPortal = 7F91FD492A41AED0006A4E52 /* Project object */;
			proxyType = 1;
			remoteGlobalIDString = 7F91FD502A41AED0006A4E52;
			remoteInfo = NewCMS;
		};
/* End PBXContainerItemProxy section */

/* Begin PBXFileReference section */
		0282987147816369030F676C /* Pods-NewCMSTests.debug.xcconfig */ = {isa = PBXFileReference; includeInIndex = 1; lastKnownFileType = text.xcconfig; name = "Pods-NewCMSTests.debug.xcconfig"; path = "Target Support Files/Pods-NewCMSTests/Pods-NewCMSTests.debug.xcconfig"; sourceTree = "<group>"; };
		2612F042E8762825497ADCBA /* Pods_NewCMS_NewCMSUITests.framework */ = {isa = PBXFileReference; explicitFileType = wrapper.framework; includeInIndex = 0; path = Pods_NewCMS_NewCMSUITests.framework; sourceTree = BUILT_PRODUCTS_DIR; };
		34E483DC68C8AE75F7B76AED /* Pods-NewCMS.debug.xcconfig */ = {isa = PBXFileReference; includeInIndex = 1; lastKnownFileType = text.xcconfig; name = "Pods-NewCMS.debug.xcconfig"; path = "Target Support Files/Pods-NewCMS/Pods-NewCMS.debug.xcconfig"; sourceTree = "<group>"; };
		5045843C7048A517161A2495 /* Pods-NewCMS-NewCMSUITests.debug.xcconfig */ = {isa = PBXFileReference; includeInIndex = 1; lastKnownFileType = text.xcconfig; name = "Pods-NewCMS-NewCMSUITests.debug.xcconfig"; path = "Target Support Files/Pods-NewCMS-NewCMSUITests/Pods-NewCMS-NewCMSUITests.debug.xcconfig"; sourceTree = "<group>"; };
		767F0DB570DDDA647ECC2818 /* Pods_NewCMS.framework */ = {isa = PBXFileReference; explicitFileType = wrapper.framework; includeInIndex = 0; path = Pods_NewCMS.framework; sourceTree = BUILT_PRODUCTS_DIR; };
		7F91FD512A41AED0006A4E52 /* NewCMS.app */ = {isa = PBXFileReference; explicitFileType = wrapper.application; includeInIndex = 0; path = NewCMS.app; sourceTree = BUILT_PRODUCTS_DIR; };
		7F91FD542A41AED0006A4E52 /* AppDelegate.swift */ = {isa = PBXFileReference; lastKnownFileType = sourcecode.swift; path = AppDelegate.swift; sourceTree = "<group>"; };
		7F91FD592A41AED0006A4E52 /* Base */ = {isa = PBXFileReference; lastKnownFileType = file.storyboard; name = Base; path = Base.lproj/Main.storyboard; sourceTree = "<group>"; };
		7F91FD5C2A41AED0006A4E52 /* NewCMS.xcdatamodel */ = {isa = PBXFileReference; lastKnownFileType = wrapper.xcdatamodel; path = NewCMS.xcdatamodel; sourceTree = "<group>"; };
		7F91FD5E2A41AED2006A4E52 /* Assets.xcassets */ = {isa = PBXFileReference; lastKnownFileType = folder.assetcatalog; path = Assets.xcassets; sourceTree = "<group>"; };
		7F91FD612A41AED2006A4E52 /* Base */ = {isa = PBXFileReference; lastKnownFileType = file.storyboard; name = Base; path = Base.lproj/LaunchScreen.storyboard; sourceTree = "<group>"; };
		7F91FD632A41AED2006A4E52 /* Info.plist */ = {isa = PBXFileReference; lastKnownFileType = text.plist.xml; path = Info.plist; sourceTree = "<group>"; };
		7F91FD682A41AED2006A4E52 /* NewCMSTests.xctest */ = {isa = PBXFileReference; explicitFileType = wrapper.cfbundle; includeInIndex = 0; path = NewCMSTests.xctest; sourceTree = BUILT_PRODUCTS_DIR; };
		7F91FD6C2A41AED2006A4E52 /* NewCMSTests.swift */ = {isa = PBXFileReference; lastKnownFileType = sourcecode.swift; path = NewCMSTests.swift; sourceTree = "<group>"; };
		7F91FD722A41AED2006A4E52 /* NewCMSUITests.xctest */ = {isa = PBXFileReference; explicitFileType = wrapper.cfbundle; includeInIndex = 0; path = NewCMSUITests.xctest; sourceTree = BUILT_PRODUCTS_DIR; };
		7F91FD762A41AED2006A4E52 /* NewCMSUITests.swift */ = {isa = PBXFileReference; lastKnownFileType = sourcecode.swift; path = NewCMSUITests.swift; sourceTree = "<group>"; };
		7F91FD782A41AED2006A4E52 /* NewCMSUITestsLaunchTests.swift */ = {isa = PBXFileReference; lastKnownFileType = sourcecode.swift; path = NewCMSUITestsLaunchTests.swift; sourceTree = "<group>"; };
		7F91FD8F2A41B3F4006A4E52 /* SplashVC.swift */ = {isa = PBXFileReference; lastKnownFileType = sourcecode.swift; path = SplashVC.swift; sourceTree = "<group>"; };
		7F91FD912A41B575006A4E52 /* FilmFliksSplash.mp4 */ = {isa = PBXFileReference; lastKnownFileType = file; path = FilmFliksSplash.mp4; sourceTree = "<group>"; };
		9EBC5BCA9274F2E781D43998 /* Pods-NewCMSTests.release.xcconfig */ = {isa = PBXFileReference; includeInIndex = 1; lastKnownFileType = text.xcconfig; name = "Pods-NewCMSTests.release.xcconfig"; path = "Target Support Files/Pods-NewCMSTests/Pods-NewCMSTests.release.xcconfig"; sourceTree = "<group>"; };
		BCFB7988A79424CD6784CADE /* Pods-NewCMS.release.xcconfig */ = {isa = PBXFileReference; includeInIndex = 1; lastKnownFileType = text.xcconfig; name = "Pods-NewCMS.release.xcconfig"; path = "Target Support Files/Pods-NewCMS/Pods-NewCMS.release.xcconfig"; sourceTree = "<group>"; };
		DA9FCECD400BDAF23110BFE8 /* Pods_NewCMSTests.framework */ = {isa = PBXFileReference; explicitFileType = wrapper.framework; includeInIndex = 0; path = Pods_NewCMSTests.framework; sourceTree = BUILT_PRODUCTS_DIR; };
		FD7F1F240E13B155AB23CAB4 /* Pods-NewCMS-NewCMSUITests.release.xcconfig */ = {isa = PBXFileReference; includeInIndex = 1; lastKnownFileType = text.xcconfig; name = "Pods-NewCMS-NewCMSUITests.release.xcconfig"; path = "Target Support Files/Pods-NewCMS-NewCMSUITests/Pods-NewCMS-NewCMSUITests.release.xcconfig"; sourceTree = "<group>"; };
/* End PBXFileReference section */

/* Begin PBXFrameworksBuildPhase section */
		7F91FD4E2A41AED0006A4E52 /* Frameworks */ = {
			isa = PBXFrameworksBuildPhase;
			buildActionMask = 2147483647;
			files = (
				4731B5FD9251422AA8AB706E /* Pods_NewCMS.framework in Frameworks */,
			);
			runOnlyForDeploymentPostprocessing = 0;
		};
		7F91FD652A41AED2006A4E52 /* Frameworks */ = {
			isa = PBXFrameworksBuildPhase;
			buildActionMask = 2147483647;
			files = (
				3045435C6101F2A5F453D4FE /* Pods_NewCMSTests.framework in Frameworks */,
			);
			runOnlyForDeploymentPostprocessing = 0;
		};
		7F91FD6F2A41AED2006A4E52 /* Frameworks */ = {
			isa = PBXFrameworksBuildPhase;
			buildActionMask = 2147483647;
			files = (
				144BCA702892533F26A06442 /* Pods_NewCMS_NewCMSUITests.framework in Frameworks */,
			);
			runOnlyForDeploymentPostprocessing = 0;
		};
/* End PBXFrameworksBuildPhase section */

/* Begin PBXGroup section */
		041D1EFFAE9C2E471D6E141C /* Pods */ = {
			isa = PBXGroup;
			children = (
				34E483DC68C8AE75F7B76AED /* Pods-NewCMS.debug.xcconfig */,
				BCFB7988A79424CD6784CADE /* Pods-NewCMS.release.xcconfig */,
				5045843C7048A517161A2495 /* Pods-NewCMS-NewCMSUITests.debug.xcconfig */,
				FD7F1F240E13B155AB23CAB4 /* Pods-NewCMS-NewCMSUITests.release.xcconfig */,
				0282987147816369030F676C /* Pods-NewCMSTests.debug.xcconfig */,
				9EBC5BCA9274F2E781D43998 /* Pods-NewCMSTests.release.xcconfig */,
			);
			name = Pods;
			path = Pods;
			sourceTree = "<group>";
		};
		7F91FD482A41AED0006A4E52 = {
			isa = PBXGroup;
			children = (
				7F91FD532A41AED0006A4E52 /* NewCMS */,
				7F91FD6B2A41AED2006A4E52 /* NewCMSTests */,
				7F91FD752A41AED2006A4E52 /* NewCMSUITests */,
				7F91FD522A41AED0006A4E52 /* Products */,
				041D1EFFAE9C2E471D6E141C /* Pods */,
				BBEB2924A17CEAC7C2CF93FD /* Frameworks */,
			);
			sourceTree = "<group>";
		};
		7F91FD522A41AED0006A4E52 /* Products */ = {
			isa = PBXGroup;
			children = (
				7F91FD512A41AED0006A4E52 /* NewCMS.app */,
				7F91FD682A41AED2006A4E52 /* NewCMSTests.xctest */,
				7F91FD722A41AED2006A4E52 /* NewCMSUITests.xctest */,
			);
			name = Products;
			sourceTree = "<group>";
		};
		7F91FD532A41AED0006A4E52 /* NewCMS */ = {
			isa = PBXGroup;
			children = (
				7F91FD8C2A41B389006A4E52 /* AppDelegate */,
				7F91FD8D2A41B3C2006A4E52 /* Controllers */,
				7F91FD962A41B63E006A4E52 /* Helper */,
				7F91FD952A41B60A006A4E52 /* Configuration */,
				7F91FD942A41B5FB006A4E52 /* Models */,
				7F91FD932A41B5D4006A4E52 /* Resources */,
				7F91FD582A41AED0006A4E52 /* Main.storyboard */,
				7F91FD602A41AED2006A4E52 /* LaunchScreen.storyboard */,
				7F91FD632A41AED2006A4E52 /* Info.plist */,
				7F91FD5B2A41AED0006A4E52 /* NewCMS.xcdatamodeld */,
			);
			path = NewCMS;
			sourceTree = "<group>";
		};
		7F91FD6B2A41AED2006A4E52 /* NewCMSTests */ = {
			isa = PBXGroup;
			children = (
				7F91FD6C2A41AED2006A4E52 /* NewCMSTests.swift */,
			);
			path = NewCMSTests;
			sourceTree = "<group>";
		};
		7F91FD752A41AED2006A4E52 /* NewCMSUITests */ = {
			isa = PBXGroup;
			children = (
				7F91FD762A41AED2006A4E52 /* NewCMSUITests.swift */,
				7F91FD782A41AED2006A4E52 /* NewCMSUITestsLaunchTests.swift */,
			);
			path = NewCMSUITests;
			sourceTree = "<group>";
		};
		7F91FD8C2A41B389006A4E52 /* AppDelegate */ = {
			isa = PBXGroup;
			children = (
				7F91FD542A41AED0006A4E52 /* AppDelegate.swift */,
			);
			path = AppDelegate;
			sourceTree = "<group>";
		};
		7F91FD8D2A41B3C2006A4E52 /* Controllers */ = {
			isa = PBXGroup;
			children = (
				7F91FD8E2A41B3D5006A4E52 /* Splash screen */,
			);
			path = Controllers;
			sourceTree = "<group>";
		};
		7F91FD8E2A41B3D5006A4E52 /* Splash screen */ = {
			isa = PBXGroup;
			children = (
				7F91FD8F2A41B3F4006A4E52 /* SplashVC.swift */,
			);
			path = "Splash screen";
			sourceTree = "<group>";
		};
		7F91FD932A41B5D4006A4E52 /* Resources */ = {
			isa = PBXGroup;
			children = (
				7F91FD5E2A41AED2006A4E52 /* Assets.xcassets */,
				7F91FD912A41B575006A4E52 /* FilmFliksSplash.mp4 */,
			);
			path = Resources;
			sourceTree = "<group>";
		};
		7F91FD942A41B5FB006A4E52 /* Models */ = {
			isa = PBXGroup;
			children = (
			);
			path = Models;
			sourceTree = "<group>";
		};
		7F91FD952A41B60A006A4E52 /* Configuration */ = {
			isa = PBXGroup;
			children = (
			);
			path = Configuration;
			sourceTree = "<group>";
		};
		7F91FD962A41B63E006A4E52 /* Helper */ = {
			isa = PBXGroup;
			children = (
			);
			path = Helper;
			sourceTree = "<group>";
		};
		BBEB2924A17CEAC7C2CF93FD /* Frameworks */ = {
			isa = PBXGroup;
			children = (
				767F0DB570DDDA647ECC2818 /* Pods_NewCMS.framework */,
				2612F042E8762825497ADCBA /* Pods_NewCMS_NewCMSUITests.framework */,
				DA9FCECD400BDAF23110BFE8 /* Pods_NewCMSTests.framework */,
			);
			name = Frameworks;
			sourceTree = "<group>";
		};
/* End PBXGroup section */

/* Begin PBXNativeTarget section */
		7F91FD502A41AED0006A4E52 /* NewCMS */ = {
			isa = PBXNativeTarget;
			buildConfigurationList = 7F91FD7C2A41AED2006A4E52 /* Build configuration list for PBXNativeTarget "NewCMS" */;
			buildPhases = (
				1FA8D591DEB4B373C70F6E07 /* [CP] Check Pods Manifest.lock */,
				7F91FD4D2A41AED0006A4E52 /* Sources */,
				7F91FD4E2A41AED0006A4E52 /* Frameworks */,
				7F91FD4F2A41AED0006A4E52 /* Resources */,
				979FC03EE626626087AD6586 /* [CP] Embed Pods Frameworks */,
			);
			buildRules = (
			);
			dependencies = (
			);
			name = NewCMS;
			productName = NewCMS;
			productReference = 7F91FD512A41AED0006A4E52 /* NewCMS.app */;
			productType = "com.apple.product-type.application";
		};
		7F91FD672A41AED2006A4E52 /* NewCMSTests */ = {
			isa = PBXNativeTarget;
			buildConfigurationList = 7F91FD7F2A41AED2006A4E52 /* Build configuration list for PBXNativeTarget "NewCMSTests" */;
			buildPhases = (
				AFF885BAEE052817E0B04510 /* [CP] Check Pods Manifest.lock */,
				7F91FD642A41AED2006A4E52 /* Sources */,
				7F91FD652A41AED2006A4E52 /* Frameworks */,
				7F91FD662A41AED2006A4E52 /* Resources */,
			);
			buildRules = (
			);
			dependencies = (
				7F91FD6A2A41AED2006A4E52 /* PBXTargetDependency */,
			);
			name = NewCMSTests;
			productName = NewCMSTests;
			productReference = 7F91FD682A41AED2006A4E52 /* NewCMSTests.xctest */;
			productType = "com.apple.product-type.bundle.unit-test";
		};
		7F91FD712A41AED2006A4E52 /* NewCMSUITests */ = {
			isa = PBXNativeTarget;
			buildConfigurationList = 7F91FD822A41AED2006A4E52 /* Build configuration list for PBXNativeTarget "NewCMSUITests" */;
			buildPhases = (
				329ED980D1EB9B14733A4AEE /* [CP] Check Pods Manifest.lock */,
				7F91FD6E2A41AED2006A4E52 /* Sources */,
				7F91FD6F2A41AED2006A4E52 /* Frameworks */,
				7F91FD702A41AED2006A4E52 /* Resources */,
				BB5025D403410F8D2A7CC0E0 /* [CP] Embed Pods Frameworks */,
			);
			buildRules = (
			);
			dependencies = (
				7F91FD742A41AED2006A4E52 /* PBXTargetDependency */,
			);
			name = NewCMSUITests;
			productName = NewCMSUITests;
			productReference = 7F91FD722A41AED2006A4E52 /* NewCMSUITests.xctest */;
			productType = "com.apple.product-type.bundle.ui-testing";
		};
/* End PBXNativeTarget section */

/* Begin PBXProject section */
		7F91FD492A41AED0006A4E52 /* Project object */ = {
			isa = PBXProject;
			attributes = {
				BuildIndependentTargetsInParallel = 1;
				LastSwiftUpdateCheck = 1420;
				LastUpgradeCheck = 1420;
				TargetAttributes = {
					7F91FD502A41AED0006A4E52 = {
						CreatedOnToolsVersion = 14.2;
					};
					7F91FD672A41AED2006A4E52 = {
						CreatedOnToolsVersion = 14.2;
						TestTargetID = 7F91FD502A41AED0006A4E52;
					};
					7F91FD712A41AED2006A4E52 = {
						CreatedOnToolsVersion = 14.2;
						TestTargetID = 7F91FD502A41AED0006A4E52;
					};
				};
			};
			buildConfigurationList = 7F91FD4C2A41AED0006A4E52 /* Build configuration list for PBXProject "NewCMS" */;
			compatibilityVersion = "Xcode 13.0";
			developmentRegion = en;
			hasScannedForEncodings = 0;
			knownRegions = (
				en,
				Base,
			);
			mainGroup = 7F91FD482A41AED0006A4E52;
			productRefGroup = 7F91FD522A41AED0006A4E52 /* Products */;
			projectDirPath = "";
			projectRoot = "";
			targets = (
				7F91FD502A41AED0006A4E52 /* NewCMS */,
				7F91FD672A41AED2006A4E52 /* NewCMSTests */,
				7F91FD712A41AED2006A4E52 /* NewCMSUITests */,
			);
		};
/* End PBXProject section */

/* Begin PBXResourcesBuildPhase section */
		7F91FD4F2A41AED0006A4E52 /* Resources */ = {
			isa = PBXResourcesBuildPhase;
			buildActionMask = 2147483647;
			files = (
				7F91FD622A41AED2006A4E52 /* LaunchScreen.storyboard in Resources */,
				7F91FD5F2A41AED2006A4E52 /* Assets.xcassets in Resources */,
				7F91FD922A41B575006A4E52 /* FilmFliksSplash.mp4 in Resources */,
				7F91FD5A2A41AED0006A4E52 /* Main.storyboard in Resources */,
			);
			runOnlyForDeploymentPostprocessing = 0;
		};
		7F91FD662A41AED2006A4E52 /* Resources */ = {
			isa = PBXResourcesBuildPhase;
			buildActionMask = 2147483647;
			files = (
			);
			runOnlyForDeploymentPostprocessing = 0;
		};
		7F91FD702A41AED2006A4E52 /* Resources */ = {
			isa = PBXResourcesBuildPhase;
			buildActionMask = 2147483647;
			files = (
			);
			runOnlyForDeploymentPostprocessing = 0;
		};
/* End PBXResourcesBuildPhase section */

/* Begin PBXShellScriptBuildPhase section */
		1FA8D591DEB4B373C70F6E07 /* [CP] Check Pods Manifest.lock */ = {
			isa = PBXShellScriptBuildPhase;
			buildActionMask = 2147483647;
			files = (
			);
			inputFileListPaths = (
			);
			inputPaths = (
				"${PODS_PODFILE_DIR_PATH}/Podfile.lock",
				"${PODS_ROOT}/Manifest.lock",
			);
			name = "[CP] Check Pods Manifest.lock";
			outputFileListPaths = (
			);
			outputPaths = (
				"$(DERIVED_FILE_DIR)/Pods-NewCMS-checkManifestLockResult.txt",
			);
			runOnlyForDeploymentPostprocessing = 0;
			shellPath = /bin/sh;
			shellScript = "diff \"${PODS_PODFILE_DIR_PATH}/Podfile.lock\" \"${PODS_ROOT}/Manifest.lock\" > /dev/null\nif [ $? != 0 ] ; then\n    # print error to STDERR\n    echo \"error: The sandbox is not in sync with the Podfile.lock. Run 'pod install' or update your CocoaPods installation.\" >&2\n    exit 1\nfi\n# This output is used by Xcode 'outputs' to avoid re-running this script phase.\necho \"SUCCESS\" > \"${SCRIPT_OUTPUT_FILE_0}\"\n";
			showEnvVarsInLog = 0;
		};
		329ED980D1EB9B14733A4AEE /* [CP] Check Pods Manifest.lock */ = {
			isa = PBXShellScriptBuildPhase;
			buildActionMask = 2147483647;
			files = (
			);
			inputFileListPaths = (
			);
			inputPaths = (
				"${PODS_PODFILE_DIR_PATH}/Podfile.lock",
				"${PODS_ROOT}/Manifest.lock",
			);
			name = "[CP] Check Pods Manifest.lock";
			outputFileListPaths = (
			);
			outputPaths = (
				"$(DERIVED_FILE_DIR)/Pods-NewCMS-NewCMSUITests-checkManifestLockResult.txt",
			);
			runOnlyForDeploymentPostprocessing = 0;
			shellPath = /bin/sh;
			shellScript = "diff \"${PODS_PODFILE_DIR_PATH}/Podfile.lock\" \"${PODS_ROOT}/Manifest.lock\" > /dev/null\nif [ $? != 0 ] ; then\n    # print error to STDERR\n    echo \"error: The sandbox is not in sync with the Podfile.lock. Run 'pod install' or update your CocoaPods installation.\" >&2\n    exit 1\nfi\n# This output is used by Xcode 'outputs' to avoid re-running this script phase.\necho \"SUCCESS\" > \"${SCRIPT_OUTPUT_FILE_0}\"\n";
			showEnvVarsInLog = 0;
		};
		979FC03EE626626087AD6586 /* [CP] Embed Pods Frameworks */ = {
			isa = PBXShellScriptBuildPhase;
			buildActionMask = 2147483647;
			files = (
			);
			inputFileListPaths = (
				"${PODS_ROOT}/Target Support Files/Pods-NewCMS/Pods-NewCMS-frameworks-${CONFIGURATION}-input-files.xcfilelist",
			);
			name = "[CP] Embed Pods Frameworks";
			outputFileListPaths = (
				"${PODS_ROOT}/Target Support Files/Pods-NewCMS/Pods-NewCMS-frameworks-${CONFIGURATION}-output-files.xcfilelist",
			);
			runOnlyForDeploymentPostprocessing = 0;
			shellPath = /bin/sh;
			shellScript = "\"${PODS_ROOT}/Target Support Files/Pods-NewCMS/Pods-NewCMS-frameworks.sh\"\n";
			showEnvVarsInLog = 0;
		};
		AFF885BAEE052817E0B04510 /* [CP] Check Pods Manifest.lock */ = {
			isa = PBXShellScriptBuildPhase;
			buildActionMask = 2147483647;
			files = (
			);
			inputFileListPaths = (
			);
			inputPaths = (
				"${PODS_PODFILE_DIR_PATH}/Podfile.lock",
				"${PODS_ROOT}/Manifest.lock",
			);
			name = "[CP] Check Pods Manifest.lock";
			outputFileListPaths = (
			);
			outputPaths = (
				"$(DERIVED_FILE_DIR)/Pods-NewCMSTests-checkManifestLockResult.txt",
			);
			runOnlyForDeploymentPostprocessing = 0;
			shellPath = /bin/sh;
			shellScript = "diff \"${PODS_PODFILE_DIR_PATH}/Podfile.lock\" \"${PODS_ROOT}/Manifest.lock\" > /dev/null\nif [ $? != 0 ] ; then\n    # print error to STDERR\n    echo \"error: The sandbox is not in sync with the Podfile.lock. Run 'pod install' or update your CocoaPods installation.\" >&2\n    exit 1\nfi\n# This output is used by Xcode 'outputs' to avoid re-running this script phase.\necho \"SUCCESS\" > \"${SCRIPT_OUTPUT_FILE_0}\"\n";
			showEnvVarsInLog = 0;
		};
		BB5025D403410F8D2A7CC0E0 /* [CP] Embed Pods Frameworks */ = {
			isa = PBXShellScriptBuildPhase;
			buildActionMask = 2147483647;
			files = (
			);
			inputFileListPaths = (
				"${PODS_ROOT}/Target Support Files/Pods-NewCMS-NewCMSUITests/Pods-NewCMS-NewCMSUITests-frameworks-${CONFIGURATION}-input-files.xcfilelist",
			);
			name = "[CP] Embed Pods Frameworks";
			outputFileListPaths = (
				"${PODS_ROOT}/Target Support Files/Pods-NewCMS-NewCMSUITests/Pods-NewCMS-NewCMSUITests-frameworks-${CONFIGURATION}-output-files.xcfilelist",
			);
			runOnlyForDeploymentPostprocessing = 0;
			shellPath = /bin/sh;
			shellScript = "\"${PODS_ROOT}/Target Support Files/Pods-NewCMS-NewCMSUITests/Pods-NewCMS-NewCMSUITests-frameworks.sh\"\n";
			showEnvVarsInLog = 0;
		};
/* End PBXShellScriptBuildPhase section */

/* Begin PBXSourcesBuildPhase section */
		7F91FD4D2A41AED0006A4E52 /* Sources */ = {
			isa = PBXSourcesBuildPhase;
			buildActionMask = 2147483647;
			files = (
				7F91FD5D2A41AED0006A4E52 /* NewCMS.xcdatamodeld in Sources */,
				7F91FD552A41AED0006A4E52 /* AppDelegate.swift in Sources */,
				7F91FD902A41B3F4006A4E52 /* SplashVC.swift in Sources */,
			);
			runOnlyForDeploymentPostprocessing = 0;
		};
		7F91FD642A41AED2006A4E52 /* Sources */ = {
			isa = PBXSourcesBuildPhase;
			buildActionMask = 2147483647;
			files = (
				7F91FD6D2A41AED2006A4E52 /* NewCMSTests.swift in Sources */,
			);
			runOnlyForDeploymentPostprocessing = 0;
		};
		7F91FD6E2A41AED2006A4E52 /* Sources */ = {
			isa = PBXSourcesBuildPhase;
			buildActionMask = 2147483647;
			files = (
				7F91FD772A41AED2006A4E52 /* NewCMSUITests.swift in Sources */,
				7F91FD792A41AED2006A4E52 /* NewCMSUITestsLaunchTests.swift in Sources */,
			);
			runOnlyForDeploymentPostprocessing = 0;
		};
/* End PBXSourcesBuildPhase section */

/* Begin PBXTargetDependency section */
		7F91FD6A2A41AED2006A4E52 /* PBXTargetDependency */ = {
			isa = PBXTargetDependency;
			target = 7F91FD502A41AED0006A4E52 /* NewCMS */;
			targetProxy = 7F91FD692A41AED2006A4E52 /* PBXContainerItemProxy */;
		};
		7F91FD742A41AED2006A4E52 /* PBXTargetDependency */ = {
			isa = PBXTargetDependency;
			target = 7F91FD502A41AED0006A4E52 /* NewCMS */;
			targetProxy = 7F91FD732A41AED2006A4E52 /* PBXContainerItemProxy */;
		};
/* End PBXTargetDependency section */

/* Begin PBXVariantGroup section */
		7F91FD582A41AED0006A4E52 /* Main.storyboard */ = {
			isa = PBXVariantGroup;
			children = (
				7F91FD592A41AED0006A4E52 /* Base */,
			);
			name = Main.storyboard;
			sourceTree = "<group>";
		};
		7F91FD602A41AED2006A4E52 /* LaunchScreen.storyboard */ = {
			isa = PBXVariantGroup;
			children = (
				7F91FD612A41AED2006A4E52 /* Base */,
			);
			name = LaunchScreen.storyboard;
			sourceTree = "<group>";
		};
/* End PBXVariantGroup section */

/* Begin XCBuildConfiguration section */
		7F91FD7A2A41AED2006A4E52 /* Debug */ = {
			isa = XCBuildConfiguration;
			buildSettings = {
				ALWAYS_SEARCH_USER_PATHS = NO;
				CLANG_ANALYZER_NONNULL = YES;
				CLANG_ANALYZER_NUMBER_OBJECT_CONVERSION = YES_AGGRESSIVE;
				CLANG_CXX_LANGUAGE_STANDARD = "gnu++20";
				CLANG_ENABLE_MODULES = YES;
				CLANG_ENABLE_OBJC_ARC = YES;
				CLANG_ENABLE_OBJC_WEAK = YES;
				CLANG_WARN_BLOCK_CAPTURE_AUTORELEASING = YES;
				CLANG_WARN_BOOL_CONVERSION = YES;
				CLANG_WARN_COMMA = YES;
				CLANG_WARN_CONSTANT_CONVERSION = YES;
				CLANG_WARN_DEPRECATED_OBJC_IMPLEMENTATIONS = YES;
				CLANG_WARN_DIRECT_OBJC_ISA_USAGE = YES_ERROR;
				CLANG_WARN_DOCUMENTATION_COMMENTS = YES;
				CLANG_WARN_EMPTY_BODY = YES;
				CLANG_WARN_ENUM_CONVERSION = YES;
				CLANG_WARN_INFINITE_RECURSION = YES;
				CLANG_WARN_INT_CONVERSION = YES;
				CLANG_WARN_NON_LITERAL_NULL_CONVERSION = YES;
				CLANG_WARN_OBJC_IMPLICIT_RETAIN_SELF = YES;
				CLANG_WARN_OBJC_LITERAL_CONVERSION = YES;
				CLANG_WARN_OBJC_ROOT_CLASS = YES_ERROR;
				CLANG_WARN_QUOTED_INCLUDE_IN_FRAMEWORK_HEADER = YES;
				CLANG_WARN_RANGE_LOOP_ANALYSIS = YES;
				CLANG_WARN_STRICT_PROTOTYPES = YES;
				CLANG_WARN_SUSPICIOUS_MOVE = YES;
				CLANG_WARN_UNGUARDED_AVAILABILITY = YES_AGGRESSIVE;
				CLANG_WARN_UNREACHABLE_CODE = YES;
				CLANG_WARN__DUPLICATE_METHOD_MATCH = YES;
				COPY_PHASE_STRIP = NO;
				DEBUG_INFORMATION_FORMAT = dwarf;
				ENABLE_STRICT_OBJC_MSGSEND = YES;
				ENABLE_TESTABILITY = YES;
				GCC_C_LANGUAGE_STANDARD = gnu11;
				GCC_DYNAMIC_NO_PIC = NO;
				GCC_NO_COMMON_BLOCKS = YES;
				GCC_OPTIMIZATION_LEVEL = 0;
				GCC_PREPROCESSOR_DEFINITIONS = (
					"DEBUG=1",
					"$(inherited)",
				);
				GCC_WARN_64_TO_32_BIT_CONVERSION = YES;
				GCC_WARN_ABOUT_RETURN_TYPE = YES_ERROR;
				GCC_WARN_UNDECLARED_SELECTOR = YES;
				GCC_WARN_UNINITIALIZED_AUTOS = YES_AGGRESSIVE;
				GCC_WARN_UNUSED_FUNCTION = YES;
				GCC_WARN_UNUSED_VARIABLE = YES;
				MTL_ENABLE_DEBUG_INFO = INCLUDE_SOURCE;
				MTL_FAST_MATH = YES;
				ONLY_ACTIVE_ARCH = YES;
				SDKROOT = appletvos;
				SWIFT_ACTIVE_COMPILATION_CONDITIONS = DEBUG;
				SWIFT_OPTIMIZATION_LEVEL = "-Onone";
				TVOS_DEPLOYMENT_TARGET = 16.1;
			};
			name = Debug;
		};
		7F91FD7B2A41AED2006A4E52 /* Release */ = {
			isa = XCBuildConfiguration;
			buildSettings = {
				ALWAYS_SEARCH_USER_PATHS = NO;
				CLANG_ANALYZER_NONNULL = YES;
				CLANG_ANALYZER_NUMBER_OBJECT_CONVERSION = YES_AGGRESSIVE;
				CLANG_CXX_LANGUAGE_STANDARD = "gnu++20";
				CLANG_ENABLE_MODULES = YES;
				CLANG_ENABLE_OBJC_ARC = YES;
				CLANG_ENABLE_OBJC_WEAK = YES;
				CLANG_WARN_BLOCK_CAPTURE_AUTORELEASING = YES;
				CLANG_WARN_BOOL_CONVERSION = YES;
				CLANG_WARN_COMMA = YES;
				CLANG_WARN_CONSTANT_CONVERSION = YES;
				CLANG_WARN_DEPRECATED_OBJC_IMPLEMENTATIONS = YES;
				CLANG_WARN_DIRECT_OBJC_ISA_USAGE = YES_ERROR;
				CLANG_WARN_DOCUMENTATION_COMMENTS = YES;
				CLANG_WARN_EMPTY_BODY = YES;
				CLANG_WARN_ENUM_CONVERSION = YES;
				CLANG_WARN_INFINITE_RECURSION = YES;
				CLANG_WARN_INT_CONVERSION = YES;
				CLANG_WARN_NON_LITERAL_NULL_CONVERSION = YES;
				CLANG_WARN_OBJC_IMPLICIT_RETAIN_SELF = YES;
				CLANG_WARN_OBJC_LITERAL_CONVERSION = YES;
				CLANG_WARN_OBJC_ROOT_CLASS = YES_ERROR;
				CLANG_WARN_QUOTED_INCLUDE_IN_FRAMEWORK_HEADER = YES;
				CLANG_WARN_RANGE_LOOP_ANALYSIS = YES;
				CLANG_WARN_STRICT_PROTOTYPES = YES;
				CLANG_WARN_SUSPICIOUS_MOVE = YES;
				CLANG_WARN_UNGUARDED_AVAILABILITY = YES_AGGRESSIVE;
				CLANG_WARN_UNREACHABLE_CODE = YES;
				CLANG_WARN__DUPLICATE_METHOD_MATCH = YES;
				COPY_PHASE_STRIP = NO;
				DEBUG_INFORMATION_FORMAT = "dwarf-with-dsym";
				ENABLE_NS_ASSERTIONS = NO;
				ENABLE_STRICT_OBJC_MSGSEND = YES;
				GCC_C_LANGUAGE_STANDARD = gnu11;
				GCC_NO_COMMON_BLOCKS = YES;
				GCC_WARN_64_TO_32_BIT_CONVERSION = YES;
				GCC_WARN_ABOUT_RETURN_TYPE = YES_ERROR;
				GCC_WARN_UNDECLARED_SELECTOR = YES;
				GCC_WARN_UNINITIALIZED_AUTOS = YES_AGGRESSIVE;
				GCC_WARN_UNUSED_FUNCTION = YES;
				GCC_WARN_UNUSED_VARIABLE = YES;
				MTL_ENABLE_DEBUG_INFO = NO;
				MTL_FAST_MATH = YES;
				SDKROOT = appletvos;
				SWIFT_COMPILATION_MODE = wholemodule;
				SWIFT_OPTIMIZATION_LEVEL = "-O";
				TVOS_DEPLOYMENT_TARGET = 16.1;
				VALIDATE_PRODUCT = YES;
			};
			name = Release;
		};
		7F91FD7D2A41AED2006A4E52 /* Debug */ = {
			isa = XCBuildConfiguration;
			baseConfigurationReference = 34E483DC68C8AE75F7B76AED /* Pods-NewCMS.debug.xcconfig */;
			buildSettings = {
				ASSETCATALOG_COMPILER_APPICON_NAME = "App Icon & Top Shelf Image";
				ASSETCATALOG_COMPILER_GLOBAL_ACCENT_COLOR_NAME = AccentColor;
				CODE_SIGN_STYLE = Automatic;
				CURRENT_PROJECT_VERSION = 1;
				DEVELOPMENT_TEAM = SBC8RL5PL4;
				GENERATE_INFOPLIST_FILE = YES;
				INFOPLIST_KEY_UILaunchStoryboardName = LaunchScreen;
				INFOPLIST_KEY_UIMainStoryboardFile = Main;
				INFOPLIST_KEY_UIUserInterfaceStyle = Automatic;
				LD_RUNPATH_SEARCH_PATHS = (
					"$(inherited)",
					"@executable_path/Frameworks",
				);
				MARKETING_VERSION = 1.0;
				PRODUCT_BUNDLE_IDENTIFIER = com.parbhat.NewCMS;
				PRODUCT_NAME = "$(TARGET_NAME)";
				SWIFT_EMIT_LOC_STRINGS = YES;
				SWIFT_VERSION = 5.0;
				TARGETED_DEVICE_FAMILY = 3;
			};
			name = Debug;
		};
		7F91FD7E2A41AED2006A4E52 /* Release */ = {
			isa = XCBuildConfiguration;
			baseConfigurationReference = BCFB7988A79424CD6784CADE /* Pods-NewCMS.release.xcconfig */;
			buildSettings = {
				ASSETCATALOG_COMPILER_APPICON_NAME = "App Icon & Top Shelf Image";
				ASSETCATALOG_COMPILER_GLOBAL_ACCENT_COLOR_NAME = AccentColor;
				CODE_SIGN_STYLE = Automatic;
				CURRENT_PROJECT_VERSION = 1;
				DEVELOPMENT_TEAM = SBC8RL5PL4;
				GENERATE_INFOPLIST_FILE = YES;
				INFOPLIST_KEY_UILaunchStoryboardName = LaunchScreen;
				INFOPLIST_KEY_UIMainStoryboardFile = Main;
				INFOPLIST_KEY_UIUserInterfaceStyle = Automatic;
				LD_RUNPATH_SEARCH_PATHS = (
					"$(inherited)",
					"@executable_path/Frameworks",
				);
				MARKETING_VERSION = 1.0;
				PRODUCT_BUNDLE_IDENTIFIER = com.parbhat.NewCMS;
				PRODUCT_NAME = "$(TARGET_NAME)";
				SWIFT_EMIT_LOC_STRINGS = YES;
				SWIFT_VERSION = 5.0;
				TARGETED_DEVICE_FAMILY = 3;
			};
			name = Release;
		};
		7F91FD802A41AED2006A4E52 /* Debug */ = {
			isa = XCBuildConfiguration;
			baseConfigurationReference = 0282987147816369030F676C /* Pods-NewCMSTests.debug.xcconfig */;
			buildSettings = {
				ALWAYS_EMBED_SWIFT_STANDARD_LIBRARIES = YES;
				BUNDLE_LOADER = "$(TEST_HOST)";
				CODE_SIGN_STYLE = Automatic;
				CURRENT_PROJECT_VERSION = 1;
				DEVELOPMENT_TEAM = SBC8RL5PL4;
				GENERATE_INFOPLIST_FILE = YES;
				MARKETING_VERSION = 1.0;
				PRODUCT_BUNDLE_IDENTIFIER = com.parbhat.NewCMSTests;
				PRODUCT_NAME = "$(TARGET_NAME)";
				SWIFT_EMIT_LOC_STRINGS = NO;
				SWIFT_VERSION = 5.0;
				TARGETED_DEVICE_FAMILY = 3;
				TEST_HOST = "$(BUILT_PRODUCTS_DIR)/NewCMS.app/$(BUNDLE_EXECUTABLE_FOLDER_PATH)/NewCMS";
				TVOS_DEPLOYMENT_TARGET = 16.1;
			};
			name = Debug;
		};
		7F91FD812A41AED2006A4E52 /* Release */ = {
			isa = XCBuildConfiguration;
			baseConfigurationReference = 9EBC5BCA9274F2E781D43998 /* Pods-NewCMSTests.release.xcconfig */;
			buildSettings = {
				ALWAYS_EMBED_SWIFT_STANDARD_LIBRARIES = YES;
				BUNDLE_LOADER = "$(TEST_HOST)";
				CODE_SIGN_STYLE = Automatic;
				CURRENT_PROJECT_VERSION = 1;
				DEVELOPMENT_TEAM = SBC8RL5PL4;
				GENERATE_INFOPLIST_FILE = YES;
				MARKETING_VERSION = 1.0;
				PRODUCT_BUNDLE_IDENTIFIER = com.parbhat.NewCMSTests;
				PRODUCT_NAME = "$(TARGET_NAME)";
				SWIFT_EMIT_LOC_STRINGS = NO;
				SWIFT_VERSION = 5.0;
				TARGETED_DEVICE_FAMILY = 3;
				TEST_HOST = "$(BUILT_PRODUCTS_DIR)/NewCMS.app/$(BUNDLE_EXECUTABLE_FOLDER_PATH)/NewCMS";
				TVOS_DEPLOYMENT_TARGET = 16.1;
			};
			name = Release;
		};
		7F91FD832A41AED2006A4E52 /* Debug */ = {
			isa = XCBuildConfiguration;
			baseConfigurationReference = 5045843C7048A517161A2495 /* Pods-NewCMS-NewCMSUITests.debug.xcconfig */;
			buildSettings = {
				ALWAYS_EMBED_SWIFT_STANDARD_LIBRARIES = YES;
				CODE_SIGN_STYLE = Automatic;
				CURRENT_PROJECT_VERSION = 1;
				DEVELOPMENT_TEAM = SBC8RL5PL4;
				GENERATE_INFOPLIST_FILE = YES;
				MARKETING_VERSION = 1.0;
				PRODUCT_BUNDLE_IDENTIFIER = com.parbhat.NewCMSUITests;
				PRODUCT_NAME = "$(TARGET_NAME)";
				SWIFT_EMIT_LOC_STRINGS = NO;
				SWIFT_VERSION = 5.0;
				TARGETED_DEVICE_FAMILY = 3;
				TEST_TARGET_NAME = NewCMS;
			};
			name = Debug;
		};
		7F91FD842A41AED2006A4E52 /* Release */ = {
			isa = XCBuildConfiguration;
			baseConfigurationReference = FD7F1F240E13B155AB23CAB4 /* Pods-NewCMS-NewCMSUITests.release.xcconfig */;
			buildSettings = {
				ALWAYS_EMBED_SWIFT_STANDARD_LIBRARIES = YES;
				CODE_SIGN_STYLE = Automatic;
				CURRENT_PROJECT_VERSION = 1;
				DEVELOPMENT_TEAM = SBC8RL5PL4;
				GENERATE_INFOPLIST_FILE = YES;
				MARKETING_VERSION = 1.0;
				PRODUCT_BUNDLE_IDENTIFIER = com.parbhat.NewCMSUITests;
				PRODUCT_NAME = "$(TARGET_NAME)";
				SWIFT_EMIT_LOC_STRINGS = NO;
				SWIFT_VERSION = 5.0;
				TARGETED_DEVICE_FAMILY = 3;
				TEST_TARGET_NAME = NewCMS;
			};
			name = Release;
		};
/* End XCBuildConfiguration section */

/* Begin XCConfigurationList section */
		7F91FD4C2A41AED0006A4E52 /* Build configuration list for PBXProject "NewCMS" */ = {
			isa = XCConfigurationList;
			buildConfigurations = (
				7F91FD7A2A41AED2006A4E52 /* Debug */,
				7F91FD7B2A41AED2006A4E52 /* Release */,
			);
			defaultConfigurationIsVisible = 0;
			defaultConfigurationName = Release;
		};
		7F91FD7C2A41AED2006A4E52 /* Build configuration list for PBXNativeTarget "NewCMS" */ = {
			isa = XCConfigurationList;
			buildConfigurations = (
				7F91FD7D2A41AED2006A4E52 /* Debug */,
				7F91FD7E2A41AED2006A4E52 /* Release */,
			);
			defaultConfigurationIsVisible = 0;
			defaultConfigurationName = Release;
		};
		7F91FD7F2A41AED2006A4E52 /* Build configuration list for PBXNativeTarget "NewCMSTests" */ = {
			isa = XCConfigurationList;
			buildConfigurations = (
				7F91FD802A41AED2006A4E52 /* Debug */,
				7F91FD812A41AED2006A4E52 /* Release */,
			);
			defaultConfigurationIsVisible = 0;
			defaultConfigurationName = Release;
		};
		7F91FD822A41AED2006A4E52 /* Build configuration list for PBXNativeTarget "NewCMSUITests" */ = {
			isa = XCConfigurationList;
			buildConfigurations = (
				7F91FD832A41AED2006A4E52 /* Debug */,
				7F91FD842A41AED2006A4E52 /* Release */,
			);
			defaultConfigurationIsVisible = 0;
			defaultConfigurationName = Release;
		};
/* End XCConfigurationList section */

/* Begin XCVersionGroup section */
		7F91FD5B2A41AED0006A4E52 /* NewCMS.xcdatamodeld */ = {
			isa = XCVersionGroup;
			children = (
				7F91FD5C2A41AED0006A4E52 /* NewCMS.xcdatamodel */,
			);
			currentVersion = 7F91FD5C2A41AED0006A4E52 /* NewCMS.xcdatamodel */;
			path = NewCMS.xcdatamodeld;
			sourceTree = "<group>";
			versionGroupType = wrapper.xcdatamodel;
		};
/* End XCVersionGroup section */
	};
	rootObject = 7F91FD492A41AED0006A4E52 /* Project object */;
}
